PODS:
  - GenAPI (0.3.0):
    - ObjectDecoder
  - ObjectDecoder (0.2.0)
  - SwiftLint (0.31.0)

DEPENDENCIES:
  - GenAPI (from `../`)
  - SwiftLint

SPEC REPOS:
  https://github.com/cocoapods/specs.git:
    - ObjectDecoder
    - SwiftLint

EXTERNAL SOURCES:
  GenAPI:
    :path: "../"

SPEC CHECKSUMS:
  GenAPI: 0e3617e648cad805be6a91957c9ba60b81aac14d
  ObjectDecoder: fa4a7dc3272da28d6add9f309993ceb2ddf49f06
  SwiftLint: 7a0227733d786395817373b2d0ca799fd0093ff3

PODFILE CHECKSUM: 48321b367757180328d4000519b94c8ee48d09bc

COCOAPODS: 1.7.0.beta.2
