PODS:
  - GenAPI (0.3.3):
    - ObjectDecoder
  - ObjectDecoder (0.3.0)
  - SwiftLint (0.33.0)

DEPENDENCIES:
  - GenAPI (from `../`)
  - SwiftLint

SPEC REPOS:
  https://github.com/cocoapods/specs.git:
    - ObjectDecoder
    - SwiftLint

EXTERNAL SOURCES:
  GenAPI:
    :path: "../"

SPEC CHECKSUMS:
  GenAPI: 8334da14f58bffce2663cd6e39243e463126853d
  ObjectDecoder: 91c5595ba35c59801990a3c5641e6b2b9cef333c
  SwiftLint: fed9c66336e41fc74dc48a73678380718f0c8b0e

PODFILE CHECKSUM: 0a23cc8a90fa8f71e41a20ca6d7b31112cfbbdd3

COCOAPODS: 1.6.1
